
Microsoft Visual Studio Solution File, Format Version 12.00
# Visual Studio Version 17
VisualStudioVersion = 17.9.34902.65
MinimumVisualStudioVersion = 10.0.40219.1
Project("{FAE04EC0-301F-11D3-BF4B-00C04F79EFBC}") = "database", "database\database.csproj", "{8F5627B8-C15F-405C-8AB8-675AFC82C420}"
EndProject
Global
	GlobalSection(SolutionConfigurationPlatforms) = preSolution
		Debug|Any CPU = Debug|Any CPU
		Release|Any CPU = Release|Any CPU
	EndGlobalSection
	GlobalSection(ProjectConfigurationPlatforms) = postSolution
		{8F5627B8-C15F-405C-8AB8-675AFC82C420}.Debug|Any CPU.ActiveCfg = Debug|Any CPU
		{8F5627B8-C15F-405C-8AB8-675AFC82C420}.Debug|Any CPU.Build.0 = Debug|Any CPU
		{8F5627B8-C15F-405C-8AB8-675AFC82C420}.Release|Any CPU.ActiveCfg = Release|Any CPU
		{8F5627B8-C15F-405C-8AB8-675AFC82C420}.Release|Any CPU.Build.0 = Release|Any CPU
	EndGlobalSection
	GlobalSection(SolutionProperties) = preSolution
		HideSolutionNode = FALSE
	EndGlobalSection
	GlobalSection(ExtensibilityGlobals) = postSolution
		SolutionGuid = {79CD7368-3939-4D90-9903-73597AB3CAC3}
	EndGlobalSection
EndGlobal
